
Microsoft Visual Studio Solution File, Format Version 12.00
# Visual Studio Version 17
VisualStudioVersion = 17.1.32414.318
MinimumVisualStudioVersion = 10.0.40219.1
Project("{FAE04EC0-301F-11D3-BF4B-00C04F79EFBC}") = "ReadCSVFile", "ReadCSVFile\ReadCSVFile.csproj", "{424D1274-4AD5-4321-849D-D8A02A54C72B}"
EndProject
Global
	GlobalSection(SolutionConfigurationPlatforms) = preSolution
		Debug|Any CPU = Debug|Any CPU
		Release|Any CPU = Release|Any CPU
	EndGlobalSection
	GlobalSection(ProjectConfigurationPlatforms) = postSolution
		{424D1274-4AD5-4321-849D-D8A02A54C72B}.Debug|Any CPU.ActiveCfg = Debug|Any CPU
		{424D1274-4AD5-4321-849D-D8A02A54C72B}.Debug|Any CPU.Build.0 = Debug|Any CPU
		{424D1274-4AD5-4321-849D-D8A02A54C72B}.Release|Any CPU.ActiveCfg = Release|Any CPU
		{424D1274-4AD5-4321-849D-D8A02A54C72B}.Release|Any CPU.Build.0 = Release|Any CPU
	EndGlobalSection
	GlobalSection(SolutionProperties) = preSolution
		HideSolutionNode = FALSE
	EndGlobalSection
	GlobalSection(ExtensibilityGlobals) = postSolution
		SolutionGuid = {F62C85BF-3E51-4325-B20F-082850A4C793}
	EndGlobalSection
EndGlobal
